
Microsoft Visual Studio Solution File, Format Version 12.00
# Visual Studio Version 17
VisualStudioVersion = 17.11.35222.181
MinimumVisualStudioVersion = 10.0.40219.1
Project("{FAE04EC0-301F-11D3-BF4B-00C04F79EFBC}") = "pogoda", "pogoda\pogoda.csproj", "{B640AC9F-1DCF-44C9-ACC9-CD66D4E0E8F3}"
EndProject
Global
	GlobalSection(SolutionConfigurationPlatforms) = preSolution
		Debug|Any CPU = Debug|Any CPU
		Release|Any CPU = Release|Any CPU
	EndGlobalSection
	GlobalSection(ProjectConfigurationPlatforms) = postSolution
		{B640AC9F-1DCF-44C9-ACC9-CD66D4E0E8F3}.Debug|Any CPU.ActiveCfg = Debug|Any CPU
		{B640AC9F-1DCF-44C9-ACC9-CD66D4E0E8F3}.Debug|Any CPU.Build.0 = Debug|Any CPU
		{B640AC9F-1DCF-44C9-ACC9-CD66D4E0E8F3}.Release|Any CPU.ActiveCfg = Release|Any CPU
		{B640AC9F-1DCF-44C9-ACC9-CD66D4E0E8F3}.Release|Any CPU.Build.0 = Release|Any CPU
	EndGlobalSection
	GlobalSection(SolutionProperties) = preSolution
		HideSolutionNode = FALSE
	EndGlobalSection
	GlobalSection(ExtensibilityGlobals) = postSolution
		SolutionGuid = {75D81D29-9776-4DED-AB7C-03363A9DB866}
	EndGlobalSection
EndGlobal
